github.com/danisilveira/algorithms-and-data-structures v0.0.0-20221204215647-674026e6b535 h1:PX5KELqBurZf1YLpBTjWWVMyThf/+OycwB2w6jFOwEI=
github.com/danisilveira/algorithms-and-data-structures v0.0.0-20221204215647-674026e6b535/go.mod h1:8z6SbsbZ7KLx2yeaOXwLbWfiAvM4DrgfL6Et8RkrBpI=
golang.org/x/exp v0.0.0-20221204150635-6dcec336b2bb h1:QIsP/NmClBICkqnJ4rSIhnrGiGR7Yv9ZORGGnmmLTPk=
golang.org/x/exp v0.0.0-20221204150635-6dcec336b2bb/go.mod h1:CxIveKay+FTh1D0yPZemJVgC/95VzuuOLq5Qi4xnoYc=
